// !$*UTF8*$!
{
	archiveVersion = 1;
	classes = {
	};
	objectVersion = 46;
	objects = {

/* Begin PBXBuildFile section */
		3CBD73E419012C0100B663D3 /* Foundation.framework in Frameworks */ = {isa = PBXBuildFile; fileRef = 3CBD73E319012C0100B663D3 /* Foundation.framework */; };
		3CBD73E619012C0100B663D3 /* CoreGraphics.framework in Frameworks */ = {isa = PBXBuildFile; fileRef = 3CBD73E519012C0100B663D3 /* CoreGraphics.framework */; };
		3CBD73E819012C0100B663D3 /* UIKit.framework in Frameworks */ = {isa = PBXBuildFile; fileRef = 3CBD73E719012C0100B663D3 /* UIKit.framework */; };
		3CBD73EE19012C0100B663D3 /* InfoPlist.strings in Resources */ = {isa = PBXBuildFile; fileRef = 3CBD73EC19012C0100B663D3 /* InfoPlist.strings */; };
		3CBD73F019012C0100B663D3 /* main.m in Sources */ = {isa = PBXBuildFile; fileRef = 3CBD73EF19012C0100B663D3 /* main.m */; };
		3CBD73F419012C0100B663D3 /* AppDelegate.m in Sources */ = {isa = PBXBuildFile; fileRef = 3CBD73F319012C0100B663D3 /* AppDelegate.m */; };
		3CBD73F619012C0100B663D3 /* Images.xcassets in Resources */ = {isa = PBXBuildFile; fileRef = 3CBD73F519012C0100B663D3 /* Images.xcassets */; };
		3CBD73FD19012C0100B663D3 /* XCTest.framework in Frameworks */ = {isa = PBXBuildFile; fileRef = 3CBD73FC19012C0100B663D3 /* XCTest.framework */; };
		3CBD73FE19012C0100B663D3 /* Foundation.framework in Frameworks */ = {isa = PBXBuildFile; fileRef = 3CBD73E319012C0100B663D3 /* Foundation.framework */; };
		3CBD73FF19012C0100B663D3 /* UIKit.framework in Frameworks */ = {isa = PBXBuildFile; fileRef = 3CBD73E719012C0100B663D3 /* UIKit.framework */; };
		3CBD740719012C0100B663D3 /* InfoPlist.strings in Resources */ = {isa = PBXBuildFile; fileRef = 3CBD740519012C0100B663D3 /* InfoPlist.strings */; };
		3CBD740919012C0100B663D3 /* XJCameraDemoTests.m in Sources */ = {isa = PBXBuildFile; fileRef = 3CBD740819012C0100B663D3 /* XJCameraDemoTests.m */; };
		3CBD741519012C9400B663D3 /* CameraDemoViewController.m in Sources */ = {isa = PBXBuildFile; fileRef = 3CBD741419012C9400B663D3 /* CameraDemoViewController.m */; };
		3CBD741819012D0100B663D3 /* XJCameraViewController.m in Sources */ = {isa = PBXBuildFile; fileRef = 3CBD741719012D0100B663D3 /* XJCameraViewController.m */; };
		3CBD741E1901327E00B663D3 /* XJCameraManager.m in Sources */ = {isa = PBXBuildFile; fileRef = 3CBD741D1901327E00B663D3 /* XJCameraManager.m */; };
/* End PBXBuildFile section */

/* Begin PBXContainerItemProxy section */
		3CBD740019012C0100B663D3 /* PBXContainerItemProxy */ = {
			isa = PBXContainerItemProxy;
			containerPortal = 3CBD73D819012C0100B663D3 /* Project object */;
			proxyType = 1;
			remoteGlobalIDString = 3CBD73DF19012C0100B663D3;
			remoteInfo = XJCameraDemo;
		};
/* End PBXContainerItemProxy section */

/* Begin PBXFileReference section */
		3CBD73E019012C0100B663D3 /* XJCameraDemo.app */ = {isa = PBXFileReference; explicitFileType = wrapper.application; includeInIndex = 0; path = XJCameraDemo.app; sourceTree = BUILT_PRODUCTS_DIR; };
		3CBD73E319012C0100B663D3 /* Foundation.framework */ = {isa = PBXFileReference; lastKnownFileType = wrapper.framework; name = Foundation.framework; path = System/Library/Frameworks/Foundation.framework; sourceTree = SDKROOT; };
		3CBD73E519012C0100B663D3 /* CoreGraphics.framework */ = {isa = PBXFileReference; lastKnownFileType = wrapper.framework; name = CoreGraphics.framework; path = System/Library/Frameworks/CoreGraphics.framework; sourceTree = SDKROOT; };
		3CBD73E719012C0100B663D3 /* UIKit.framework */ = {isa = PBXFileReference; lastKnownFileType = wrapper.framework; name = UIKit.framework; path = System/Library/Frameworks/UIKit.framework; sourceTree = SDKROOT; };
		3CBD73EB19012C0100B663D3 /* XJCameraDemo-Info.plist */ = {isa = PBXFileReference; lastKnownFileType = text.plist.xml; path = "XJCameraDemo-Info.plist"; sourceTree = "<group>"; };
		3CBD73ED19012C0100B663D3 /* en */ = {isa = PBXFileReference; lastKnownFileType = text.plist.strings; name = en; path = en.lproj/InfoPlist.strings; sourceTree = "<group>"; };
		3CBD73EF19012C0100B663D3 /* main.m */ = {isa = PBXFileReference; lastKnownFileType = sourcecode.c.objc; path = main.m; sourceTree = "<group>"; };
		3CBD73F119012C0100B663D3 /* XJCameraDemo-Prefix.pch */ = {isa = PBXFileReference; lastKnownFileType = sourcecode.c.h; path = "XJCameraDemo-Prefix.pch"; sourceTree = "<group>"; };
		3CBD73F219012C0100B663D3 /* AppDelegate.h */ = {isa = PBXFileReference; lastKnownFileType = sourcecode.c.h; path = AppDelegate.h; sourceTree = "<group>"; };
		3CBD73F319012C0100B663D3 /* AppDelegate.m */ = {isa = PBXFileReference; lastKnownFileType = sourcecode.c.objc; path = AppDelegate.m; sourceTree = "<group>"; };
		3CBD73F519012C0100B663D3 /* Images.xcassets */ = {isa = PBXFileReference; lastKnownFileType = folder.assetcatalog; path = Images.xcassets; sourceTree = "<group>"; };
		3CBD73FB19012C0100B663D3 /* XJCameraDemoTests.xctest */ = {isa = PBXFileReference; explicitFileType = wrapper.cfbundle; includeInIndex = 0; path = XJCameraDemoTests.xctest; sourceTree = BUILT_PRODUCTS_DIR; };
		3CBD73FC19012C0100B663D3 /* XCTest.framework */ = {isa = PBXFileReference; lastKnownFileType = wrapper.framework; name = XCTest.framework; path = Library/Frameworks/XCTest.framework; sourceTree = DEVELOPER_DIR; };
		3CBD740419012C0100B663D3 /* XJCameraDemoTests-Info.plist */ = {isa = PBXFileReference; lastKnownFileType = text.plist.xml; path = "XJCameraDemoTests-Info.plist"; sourceTree = "<group>"; };
		3CBD740619012C0100B663D3 /* en */ = {isa = PBXFileReference; lastKnownFileType = text.plist.strings; name = en; path = en.lproj/InfoPlist.strings; sourceTree = "<group>"; };
		3CBD740819012C0100B663D3 /* XJCameraDemoTests.m */ = {isa = PBXFileReference; lastKnownFileType = sourcecode.c.objc; path = XJCameraDemoTests.m; sourceTree = "<group>"; };
		3CBD741319012C9400B663D3 /* CameraDemoViewController.h */ = {isa = PBXFileReference; fileEncoding = 4; lastKnownFileType = sourcecode.c.h; path = CameraDemoViewController.h; sourceTree = "<group>"; };
		3CBD741419012C9400B663D3 /* CameraDemoViewController.m */ = {isa = PBXFileReference; fileEncoding = 4; lastKnownFileType = sourcecode.c.objc; path = CameraDemoViewController.m; sourceTree = "<group>"; };
		3CBD741619012D0100B663D3 /* XJCameraViewController.h */ = {isa = PBXFileReference; fileEncoding = 4; lastKnownFileType = sourcecode.c.h; path = XJCameraViewController.h; sourceTree = "<group>"; };
		3CBD741719012D0100B663D3 /* XJCameraViewController.m */ = {isa = PBXFileReference; fileEncoding = 4; lastKnownFileType = sourcecode.c.objc; path = XJCameraViewController.m; sourceTree = "<group>"; };
		3CBD741919012F1400B663D3 /* XJCameraDefinition.h */ = {isa = PBXFileReference; fileEncoding = 4; lastKnownFileType = sourcecode.c.h; path = XJCameraDefinition.h; sourceTree = "<group>"; };
		3CBD741C1901327E00B663D3 /* XJCameraManager.h */ = {isa = PBXFileReference; fileEncoding = 4; lastKnownFileType = sourcecode.c.h; path = XJCameraManager.h; sourceTree = "<group>"; };
		3CBD741D1901327E00B663D3 /* XJCameraManager.m */ = {isa = PBXFileReference; fileEncoding = 4; lastKnownFileType = sourcecode.c.objc; path = XJCameraManager.m; sourceTree = "<group>"; };
/* End PBXFileReference section */

/* Begin PBXFrameworksBuildPhase section */
		3CBD73DD19012C0100B663D3 /* Frameworks */ = {
			isa = PBXFrameworksBuildPhase;
			buildActionMask = 2147483647;
			files = (
				3CBD73E619012C0100B663D3 /* CoreGraphics.framework in Frameworks */,
				3CBD73E819012C0100B663D3 /* UIKit.framework in Frameworks */,
				3CBD73E419012C0100B663D3 /* Foundation.framework in Frameworks */,
			);
			runOnlyForDeploymentPostprocessing = 0;
		};
		3CBD73F819012C0100B663D3 /* Frameworks */ = {
			isa = PBXFrameworksBuildPhase;
			buildActionMask = 2147483647;
			files = (
				3CBD73FD19012C0100B663D3 /* XCTest.framework in Frameworks */,
				3CBD73FF19012C0100B663D3 /* UIKit.framework in Frameworks */,
				3CBD73FE19012C0100B663D3 /* Foundation.framework in Frameworks */,
			);
			runOnlyForDeploymentPostprocessing = 0;
		};
/* End PBXFrameworksBuildPhase section */

/* Begin PBXGroup section */
		3CBD73D719012C0100B663D3 = {
			isa = PBXGroup;
			children = (
				3CBD741219012C6100B663D3 /* XJCamera */,
				3CBD73E919012C0100B663D3 /* XJCameraDemo */,
				3CBD740219012C0100B663D3 /* XJCameraDemoTests */,
				3CBD73E219012C0100B663D3 /* Frameworks */,
				3CBD73E119012C0100B663D3 /* Products */,
			);
			sourceTree = "<group>";
		};
		3CBD73E119012C0100B663D3 /* Products */ = {
			isa = PBXGroup;
			children = (
				3CBD73E019012C0100B663D3 /* XJCameraDemo.app */,
				3CBD73FB19012C0100B663D3 /* XJCameraDemoTests.xctest */,
			);
			name = Products;
			sourceTree = "<group>";
		};
		3CBD73E219012C0100B663D3 /* Frameworks */ = {
			isa = PBXGroup;
			children = (
				3CBD73E319012C0100B663D3 /* Foundation.framework */,
				3CBD73E519012C0100B663D3 /* CoreGraphics.framework */,
				3CBD73E719012C0100B663D3 /* UIKit.framework */,
				3CBD73FC19012C0100B663D3 /* XCTest.framework */,
			);
			name = Frameworks;
			sourceTree = "<group>";
		};
		3CBD73E919012C0100B663D3 /* XJCameraDemo */ = {
			isa = PBXGroup;
			children = (
				3CBD73F219012C0100B663D3 /* AppDelegate.h */,
				3CBD73F319012C0100B663D3 /* AppDelegate.m */,
				3CBD741319012C9400B663D3 /* CameraDemoViewController.h */,
				3CBD741419012C9400B663D3 /* CameraDemoViewController.m */,
				3CBD73F519012C0100B663D3 /* Images.xcassets */,
				3CBD73EA19012C0100B663D3 /* Supporting Files */,
			);
			path = XJCameraDemo;
			sourceTree = "<group>";
		};
		3CBD73EA19012C0100B663D3 /* Supporting Files */ = {
			isa = PBXGroup;
			children = (
				3CBD73EB19012C0100B663D3 /* XJCameraDemo-Info.plist */,
				3CBD73EC19012C0100B663D3 /* InfoPlist.strings */,
				3CBD73EF19012C0100B663D3 /* main.m */,
				3CBD73F119012C0100B663D3 /* XJCameraDemo-Prefix.pch */,
			);
			name = "Supporting Files";
			sourceTree = "<group>";
		};
		3CBD740219012C0100B663D3 /* XJCameraDemoTests */ = {
			isa = PBXGroup;
			children = (
				3CBD740819012C0100B663D3 /* XJCameraDemoTests.m */,
				3CBD740319012C0100B663D3 /* Supporting Files */,
			);
			path = XJCameraDemoTests;
			sourceTree = "<group>";
		};
		3CBD740319012C0100B663D3 /* Supporting Files */ = {
			isa = PBXGroup;
			children = (
				3CBD740419012C0100B663D3 /* XJCameraDemoTests-Info.plist */,
				3CBD740519012C0100B663D3 /* InfoPlist.strings */,
			);
			name = "Supporting Files";
			sourceTree = "<group>";
		};
		3CBD741219012C6100B663D3 /* XJCamera */ = {
			isa = PBXGroup;
			children = (
				3CBD741919012F1400B663D3 /* XJCameraDefinition.h */,
				3CBD741C1901327E00B663D3 /* XJCameraManager.h */,
				3CBD741D1901327E00B663D3 /* XJCameraManager.m */,
				3CBD741619012D0100B663D3 /* XJCameraViewController.h */,
				3CBD741719012D0100B663D3 /* XJCameraViewController.m */,
			);
			path = XJCamera;
			sourceTree = "<group>";
		};
/* End PBXGroup section */

/* Begin PBXNativeTarget section */
		3CBD73DF19012C0100B663D3 /* XJCameraDemo */ = {
			isa = PBXNativeTarget;
			buildConfigurationList = 3CBD740C19012C0100B663D3 /* Build configuration list for PBXNativeTarget "XJCameraDemo" */;
			buildPhases = (
				3CBD73DC19012C0100B663D3 /* Sources */,
				3CBD73DD19012C0100B663D3 /* Frameworks */,
				3CBD73DE19012C0100B663D3 /* Resources */,
			);
			buildRules = (
			);
			dependencies = (
			);
			name = XJCameraDemo;
			productName = XJCameraDemo;
			productReference = 3CBD73E019012C0100B663D3 /* XJCameraDemo.app */;
			productType = "com.apple.product-type.application";
		};
		3CBD73FA19012C0100B663D3 /* XJCameraDemoTests */ = {
			isa = PBXNativeTarget;
			buildConfigurationList = 3CBD740F19012C0100B663D3 /* Build configuration list for PBXNativeTarget "XJCameraDemoTests" */;
			buildPhases = (
				3CBD73F719012C0100B663D3 /* Sources */,
				3CBD73F819012C0100B663D3 /* Frameworks */,
				3CBD73F919012C0100B663D3 /* Resources */,
			);
			buildRules = (
			);
			dependencies = (
				3CBD740119012C0100B663D3 /* PBXTargetDependency */,
			);
			name = XJCameraDemoTests;
			productName = XJCameraDemoTests;
			productReference = 3CBD73FB19012C0100B663D3 /* XJCameraDemoTests.xctest */;
			productType = "com.apple.product-type.bundle.unit-test";
		};
/* End PBXNativeTarget section */

/* Begin PBXProject section */
		3CBD73D819012C0100B663D3 /* Project object */ = {
			isa = PBXProject;
			attributes = {
				LastUpgradeCheck = 0510;
				ORGANIZATIONNAME = jimi;
				TargetAttributes = {
					3CBD73FA19012C0100B663D3 = {
						TestTargetID = 3CBD73DF19012C0100B663D3;
					};
				};
			};
			buildConfigurationList = 3CBD73DB19012C0100B663D3 /* Build configuration list for PBXProject "XJCameraDemo" */;
			compatibilityVersion = "Xcode 3.2";
			developmentRegion = English;
			hasScannedForEncodings = 0;
			knownRegions = (
				en,
			);
			mainGroup = 3CBD73D719012C0100B663D3;
			productRefGroup = 3CBD73E119012C0100B663D3 /* Products */;
			projectDirPath = "";
			projectRoot = "";
			targets = (
				3CBD73DF19012C0100B663D3 /* XJCameraDemo */,
				3CBD73FA19012C0100B663D3 /* XJCameraDemoTests */,
			);
		};
/* End PBXProject section */

/* Begin PBXResourcesBuildPhase section */
		3CBD73DE19012C0100B663D3 /* Resources */ = {
			isa = PBXResourcesBuildPhase;
			buildActionMask = 2147483647;
			files = (
				3CBD73EE19012C0100B663D3 /* InfoPlist.strings in Resources */,
				3CBD73F619012C0100B663D3 /* Images.xcassets in Resources */,
			);
			runOnlyForDeploymentPostprocessing = 0;
		};
		3CBD73F919012C0100B663D3 /* Resources */ = {
			isa = PBXResourcesBuildPhase;
			buildActionMask = 2147483647;
			files = (
				3CBD740719012C0100B663D3 /* InfoPlist.strings in Resources */,
			);
			runOnlyForDeploymentPostprocessing = 0;
		};
/* End PBXResourcesBuildPhase section */

/* Begin PBXSourcesBuildPhase section */
		3CBD73DC19012C0100B663D3 /* Sources */ = {
			isa = PBXSourcesBuildPhase;
			buildActionMask = 2147483647;
			files = (
				3CBD73F419012C0100B663D3 /* AppDelegate.m in Sources */,
				3CBD741819012D0100B663D3 /* XJCameraViewController.m in Sources */,
				3CBD741519012C9400B663D3 /* CameraDemoViewController.m in Sources */,
				3CBD741E1901327E00B663D3 /* XJCameraManager.m in Sources */,
				3CBD73F019012C0100B663D3 /* main.m in Sources */,
			);
			runOnlyForDeploymentPostprocessing = 0;
		};
		3CBD73F719012C0100B663D3 /* Sources */ = {
			isa = PBXSourcesBuildPhase;
			buildActionMask = 2147483647;
			files = (
				3CBD740919012C0100B663D3 /* XJCameraDemoTests.m in Sources */,
			);
			runOnlyForDeploymentPostprocessing = 0;
		};
/* End PBXSourcesBuildPhase section */

/* Begin PBXTargetDependency section */
		3CBD740119012C0100B663D3 /* PBXTargetDependency */ = {
			isa = PBXTargetDependency;
			target = 3CBD73DF19012C0100B663D3 /* XJCameraDemo */;
			targetProxy = 3CBD740019012C0100B663D3 /* PBXContainerItemProxy */;
		};
/* End PBXTargetDependency section */

/* Begin PBXVariantGroup section */
		3CBD73EC19012C0100B663D3 /* InfoPlist.strings */ = {
			isa = PBXVariantGroup;
			children = (
				3CBD73ED19012C0100B663D3 /* en */,
			);
			name = InfoPlist.strings;
			sourceTree = "<group>";
		};
		3CBD740519012C0100B663D3 /* InfoPlist.strings */ = {
			isa = PBXVariantGroup;
			children = (
				3CBD740619012C0100B663D3 /* en */,
			);
			name = InfoPlist.strings;
			sourceTree = "<group>";
		};
/* End PBXVariantGroup section */

/* Begin XCBuildConfiguration section */
		3CBD740A19012C0100B663D3 /* Debug */ = {
			isa = XCBuildConfiguration;
			buildSettings = {
				ALWAYS_SEARCH_USER_PATHS = NO;
				CLANG_CXX_LANGUAGE_STANDARD = "gnu++0x";
				CLANG_CXX_LIBRARY = "libc++";
				CLANG_ENABLE_MODULES = YES;
				CLANG_ENABLE_OBJC_ARC = YES;
				CLANG_WARN_BOOL_CONVERSION = YES;
				CLANG_WARN_CONSTANT_CONVERSION = YES;
				CLANG_WARN_DIRECT_OBJC_ISA_USAGE = YES_ERROR;
				CLANG_WARN_EMPTY_BODY = YES;
				CLANG_WARN_ENUM_CONVERSION = YES;
				CLANG_WARN_INT_CONVERSION = YES;
				CLANG_WARN_OBJC_ROOT_CLASS = YES_ERROR;
				CLANG_WARN__DUPLICATE_METHOD_MATCH = YES;
				"CODE_SIGN_IDENTITY[sdk=iphoneos*]" = "iPhone Developer";
				COPY_PHASE_STRIP = NO;
				GCC_C_LANGUAGE_STANDARD = gnu99;
				GCC_DYNAMIC_NO_PIC = NO;
				GCC_OPTIMIZATION_LEVEL = 0;
				GCC_PREPROCESSOR_DEFINITIONS = (
					"DEBUG=1",
					"$(inherited)",
				);
				GCC_SYMBOLS_PRIVATE_EXTERN = NO;
				GCC_WARN_64_TO_32_BIT_CONVERSION = YES;
				GCC_WARN_ABOUT_RETURN_TYPE = YES_ERROR;
				GCC_WARN_UNDECLARED_SELECTOR = YES;
				GCC_WARN_UNINITIALIZED_AUTOS = YES_AGGRESSIVE;
				GCC_WARN_UNUSED_FUNCTION = YES;
				GCC_WARN_UNUSED_VARIABLE = YES;
				IPHONEOS_DEPLOYMENT_TARGET = 6.1;
				ONLY_ACTIVE_ARCH = YES;
				SDKROOT = iphoneos;
			};
			name = Debug;
		};
		3CBD740B19012C0100B663D3 /* Release */ = {
			isa = XCBuildConfiguration;
			buildSettings = {
				ALWAYS_SEARCH_USER_PATHS = NO;
				CLANG_CXX_LANGUAGE_STANDARD = "gnu++0x";
				CLANG_CXX_LIBRARY = "libc++";
				CLANG_ENABLE_MODULES = YES;
				CLANG_ENABLE_OBJC_ARC = YES;
				CLANG_WARN_BOOL_CONVERSION = YES;
				CLANG_WARN_CONSTANT_CONVERSION = YES;
				CLANG_WARN_DIRECT_OBJC_ISA_USAGE = YES_ERROR;
				CLANG_WARN_EMPTY_BODY = YES;
				CLANG_WARN_ENUM_CONVERSION = YES;
				CLANG_WARN_INT_CONVERSION = YES;
				CLANG_WARN_OBJC_ROOT_CLASS = YES_ERROR;
				CLANG_WARN__DUPLICATE_METHOD_MATCH = YES;
				"CODE_SIGN_IDENTITY[sdk=iphoneos*]" = "iPhone Developer";
				COPY_PHASE_STRIP = YES;
				ENABLE_NS_ASSERTIONS = NO;
				GCC_C_LANGUAGE_STANDARD = gnu99;
				GCC_WARN_64_TO_32_BIT_CONVERSION = YES;
				GCC_WARN_ABOUT_RETURN_TYPE = YES_ERROR;
				GCC_WARN_UNDECLARED_SELECTOR = YES;
				GCC_WARN_UNINITIALIZED_AUTOS = YES_AGGRESSIVE;
				GCC_WARN_UNUSED_FUNCTION = YES;
				GCC_WARN_UNUSED_VARIABLE = YES;
				IPHONEOS_DEPLOYMENT_TARGET = 6.1;
				SDKROOT = iphoneos;
				VALIDATE_PRODUCT = YES;
			};
			name = Release;
		};
		3CBD740D19012C0100B663D3 /* Debug */ = {
			isa = XCBuildConfiguration;
			buildSettings = {
				ASSETCATALOG_COMPILER_APPICON_NAME = AppIcon;
				ASSETCATALOG_COMPILER_LAUNCHIMAGE_NAME = LaunchImage;
				GCC_PRECOMPILE_PREFIX_HEADER = YES;
				GCC_PREFIX_HEADER = "XJCameraDemo/XJCameraDemo-Prefix.pch";
				INFOPLIST_FILE = "XJCameraDemo/XJCameraDemo-Info.plist";
				IPHONEOS_DEPLOYMENT_TARGET = 7.1;
				PRODUCT_NAME = "$(TARGET_NAME)";
				WRAPPER_EXTENSION = app;
			};
			name = Debug;
		};
		3CBD740E19012C0100B663D3 /* Release */ = {
			isa = XCBuildConfiguration;
			buildSettings = {
				ASSETCATALOG_COMPILER_APPICON_NAME = AppIcon;
				ASSETCATALOG_COMPILER_LAUNCHIMAGE_NAME = LaunchImage;
				GCC_PRECOMPILE_PREFIX_HEADER = YES;
				GCC_PREFIX_HEADER = "XJCameraDemo/XJCameraDemo-Prefix.pch";
				INFOPLIST_FILE = "XJCameraDemo/XJCameraDemo-Info.plist";
				IPHONEOS_DEPLOYMENT_TARGET = 7.1;
				PRODUCT_NAME = "$(TARGET_NAME)";
				WRAPPER_EXTENSION = app;
			};
			name = Release;
		};
		3CBD741019012C0100B663D3 /* Debug */ = {
			isa = XCBuildConfiguration;
			buildSettings = {
				BUNDLE_LOADER = "$(BUILT_PRODUCTS_DIR)/XJCameraDemo.app/XJCameraDemo";
				FRAMEWORK_SEARCH_PATHS = (
					"$(SDKROOT)/Developer/Library/Frameworks",
					"$(inherited)",
					"$(DEVELOPER_FRAMEWORKS_DIR)",
				);
				GCC_PRECOMPILE_PREFIX_HEADER = YES;
				GCC_PREFIX_HEADER = "XJCameraDemo/XJCameraDemo-Prefix.pch";
				GCC_PREPROCESSOR_DEFINITIONS = (
					"DEBUG=1",
					"$(inherited)",
				);
				INFOPLIST_FILE = "XJCameraDemoTests/XJCameraDemoTests-Info.plist";
				PRODUCT_NAME = "$(TARGET_NAME)";
				TEST_HOST = "$(BUNDLE_LOADER)";
				WRAPPER_EXTENSION = xctest;
			};
			name = Debug;
		};
		3CBD741119012C0100B663D3 /* Release */ = {
			isa = XCBuildConfiguration;
			buildSettings = {
				BUNDLE_LOADER = "$(BUILT_PRODUCTS_DIR)/XJCameraDemo.app/XJCameraDemo";
				FRAMEWORK_SEARCH_PATHS = (
					"$(SDKROOT)/Developer/Library/Frameworks",
					"$(inherited)",
					"$(DEVELOPER_FRAMEWORKS_DIR)",
				);
				GCC_PRECOMPILE_PREFIX_HEADER = YES;
				GCC_PREFIX_HEADER = "XJCameraDemo/XJCameraDemo-Prefix.pch";
				INFOPLIST_FILE = "XJCameraDemoTests/XJCameraDemoTests-Info.plist";
				PRODUCT_NAME = "$(TARGET_NAME)";
				TEST_HOST = "$(BUNDLE_LOADER)";
				WRAPPER_EXTENSION = xctest;
			};
			name = Release;
		};
/* End XCBuildConfiguration section */

/* Begin XCConfigurationList section */
		3CBD73DB19012C0100B663D3 /* Build configuration list for PBXProject "XJCameraDemo" */ = {
			isa = XCConfigurationList;
			buildConfigurations = (
				3CBD740A19012C0100B663D3 /* Debug */,
				3CBD740B19012C0100B663D3 /* Release */,
			);
			defaultConfigurationIsVisible = 0;
			defaultConfigurationName = Release;
		};
		3CBD740C19012C0100B663D3 /* Build configuration list for PBXNativeTarget "XJCameraDemo" */ = {
			isa = XCConfigurationList;
			buildConfigurations = (
				3CBD740D19012C0100B663D3 /* Debug */,
				3CBD740E19012C0100B663D3 /* Release */,
			);
			defaultConfigurationIsVisible = 0;
		};
		3CBD740F19012C0100B663D3 /* Build configuration list for PBXNativeTarget "XJCameraDemoTests" */ = {
			isa = XCConfigurationList;
			buildConfigurations = (
				3CBD741019012C0100B663D3 /* Debug */,
				3CBD741119012C0100B663D3 /* Release */,
			);
			defaultConfigurationIsVisible = 0;
		};
/* End XCConfigurationList section */
	};
	rootObject = 3CBD73D819012C0100B663D3 /* Project object */;
}
